
Microsoft Visual Studio Solution File, Format Version 12.00
# Visual Studio Version 16
VisualStudioVersion = 16.0.32002.261
MinimumVisualStudioVersion = 10.0.40219.1
Project("{FAE04EC0-301F-11D3-BF4B-00C04F79EFBC}") = "HomeworkBtcmp", "HomeworkBtcmp\HomeworkBtcmp.csproj", "{AAEDA69A-4F61-4087-8F59-57084D662760}"
EndProject
Global
	GlobalSection(SolutionConfigurationPlatforms) = preSolution
		Debug|Any CPU = Debug|Any CPU
		Release|Any CPU = Release|Any CPU
	EndGlobalSection
	GlobalSection(ProjectConfigurationPlatforms) = postSolution
		{AAEDA69A-4F61-4087-8F59-57084D662760}.Debug|Any CPU.ActiveCfg = Debug|Any CPU
		{AAEDA69A-4F61-4087-8F59-57084D662760}.Debug|Any CPU.Build.0 = Debug|Any CPU
		{AAEDA69A-4F61-4087-8F59-57084D662760}.Release|Any CPU.ActiveCfg = Release|Any CPU
		{AAEDA69A-4F61-4087-8F59-57084D662760}.Release|Any CPU.Build.0 = Release|Any CPU
	EndGlobalSection
	GlobalSection(SolutionProperties) = preSolution
		HideSolutionNode = FALSE
	EndGlobalSection
	GlobalSection(ExtensibilityGlobals) = postSolution
		SolutionGuid = {E4EC0282-831C-4BDD-A106-666AB60592E8}
	EndGlobalSection
EndGlobal
